
Microsoft Visual Studio Solution File, Format Version 12.00
# Visual Studio Version 17
VisualStudioVersion = 17.10.35027.167
MinimumVisualStudioVersion = 10.0.40219.1
Project("{FAE04EC0-301F-11D3-BF4B-00C04F79EFBC}") = "CustomerPortalAPI2", "CustomerPortalAPI2.csproj", "{BBC50C19-F63C-45F7-9376-84F77CCDBA39}"
EndProject
Global
	GlobalSection(SolutionConfigurationPlatforms) = preSolution
		Debug|Any CPU = Debug|Any CPU
		Release|Any CPU = Release|Any CPU
	EndGlobalSection
	GlobalSection(ProjectConfigurationPlatforms) = postSolution
		{BBC50C19-F63C-45F7-9376-84F77CCDBA39}.Debug|Any CPU.ActiveCfg = Debug|Any CPU
		{BBC50C19-F63C-45F7-9376-84F77CCDBA39}.Debug|Any CPU.Build.0 = Debug|Any CPU
		{BBC50C19-F63C-45F7-9376-84F77CCDBA39}.Release|Any CPU.ActiveCfg = Release|Any CPU
		{BBC50C19-F63C-45F7-9376-84F77CCDBA39}.Release|Any CPU.Build.0 = Release|Any CPU
	EndGlobalSection
	GlobalSection(SolutionProperties) = preSolution
		HideSolutionNode = FALSE
	EndGlobalSection
	GlobalSection(ExtensibilityGlobals) = postSolution
		SolutionGuid = {DE4FE500-C003-494B-B511-B9873B98B953}
	EndGlobalSection
EndGlobal
